
Microsoft Visual Studio Solution File, Format Version 12.00
# Visual Studio Version 16
VisualStudioVersion = 16.0.30717.126
MinimumVisualStudioVersion = 10.0.40219.1
Project("{FAE04EC0-301F-11D3-BF4B-00C04F79EFBC}") = "ConeSquare", "ConeSquare\ConeSquare.csproj", "{6CC61A97-1951-49BA-9E50-931FBCD6EC72}"
EndProject
Project("{FAE04EC0-301F-11D3-BF4B-00C04F79EFBC}") = "VariableOperations", "VariableOperations\VariableOperations.csproj", "{0E0F6E4B-B711-44FD-B52B-345576D95A36}"
EndProject
Global
	GlobalSection(SolutionConfigurationPlatforms) = preSolution
		Debug|Any CPU = Debug|Any CPU
		Release|Any CPU = Release|Any CPU
	EndGlobalSection
	GlobalSection(ProjectConfigurationPlatforms) = postSolution
		{6CC61A97-1951-49BA-9E50-931FBCD6EC72}.Debug|Any CPU.ActiveCfg = Debug|Any CPU
		{6CC61A97-1951-49BA-9E50-931FBCD6EC72}.Debug|Any CPU.Build.0 = Debug|Any CPU
		{6CC61A97-1951-49BA-9E50-931FBCD6EC72}.Release|Any CPU.ActiveCfg = Release|Any CPU
		{6CC61A97-1951-49BA-9E50-931FBCD6EC72}.Release|Any CPU.Build.0 = Release|Any CPU
		{0E0F6E4B-B711-44FD-B52B-345576D95A36}.Debug|Any CPU.ActiveCfg = Debug|Any CPU
		{0E0F6E4B-B711-44FD-B52B-345576D95A36}.Debug|Any CPU.Build.0 = Debug|Any CPU
		{0E0F6E4B-B711-44FD-B52B-345576D95A36}.Release|Any CPU.ActiveCfg = Release|Any CPU
		{0E0F6E4B-B711-44FD-B52B-345576D95A36}.Release|Any CPU.Build.0 = Release|Any CPU
	EndGlobalSection
	GlobalSection(SolutionProperties) = preSolution
		HideSolutionNode = FALSE
	EndGlobalSection
	GlobalSection(ExtensibilityGlobals) = postSolution
		SolutionGuid = {E55ABEB9-AF87-4660-87E8-C1E85DFC57B6}
	EndGlobalSection
EndGlobal
