
Microsoft Visual Studio Solution File, Format Version 12.00
# Visual Studio Version 16
VisualStudioVersion = 16.0.31515.178
MinimumVisualStudioVersion = 10.0.40219.1
Project("{FAE04EC0-301F-11D3-BF4B-00C04F79EFBC}") = "TaskFirst", "TaskFirst\TaskFirst.csproj", "{DB64C1D1-BE22-4648-A6F5-43ECC4D43BCD}"
EndProject
Global
	GlobalSection(SolutionConfigurationPlatforms) = preSolution
		Debug|Any CPU = Debug|Any CPU
		Release|Any CPU = Release|Any CPU
	EndGlobalSection
	GlobalSection(ProjectConfigurationPlatforms) = postSolution
		{DB64C1D1-BE22-4648-A6F5-43ECC4D43BCD}.Debug|Any CPU.ActiveCfg = Debug|Any CPU
		{DB64C1D1-BE22-4648-A6F5-43ECC4D43BCD}.Debug|Any CPU.Build.0 = Debug|Any CPU
		{DB64C1D1-BE22-4648-A6F5-43ECC4D43BCD}.Release|Any CPU.ActiveCfg = Release|Any CPU
		{DB64C1D1-BE22-4648-A6F5-43ECC4D43BCD}.Release|Any CPU.Build.0 = Release|Any CPU
	EndGlobalSection
	GlobalSection(SolutionProperties) = preSolution
		HideSolutionNode = FALSE
	EndGlobalSection
	GlobalSection(ExtensibilityGlobals) = postSolution
		SolutionGuid = {04533ED2-DA44-4335-983F-3ACD40D119B4}
	EndGlobalSection
EndGlobal
