
Microsoft Visual Studio Solution File, Format Version 12.00
# Visual Studio Version 16
VisualStudioVersion = 16.0.30717.126
MinimumVisualStudioVersion = 10.0.40219.1
Project("{FAE04EC0-301F-11D3-BF4B-00C04F79EFBC}") = "FirstTask", "FirstTask\FirstTask.csproj", "{37818189-8D14-46FC-B715-8E7C51933E37}"
EndProject
Project("{FAE04EC0-301F-11D3-BF4B-00C04F79EFBC}") = "First_SecondTaskLibrary", "First_SecondTaskLibrary\First_SecondTaskLibrary.csproj", "{5BE3B605-4B66-4D7C-BD15-C888F378A67A}"
EndProject
Project("{FAE04EC0-301F-11D3-BF4B-00C04F79EFBC}") = "SecondTask", "SecondTask\SecondTask.csproj", "{1167A765-FB4B-463E-A46E-86909028DA74}"
EndProject
Project("{FAE04EC0-301F-11D3-BF4B-00C04F79EFBC}") = "ThirdTask", "ThirdTask\ThirdTask.csproj", "{BFC8F66E-CE3C-4D85-A403-B8BC8601398A}"
EndProject
Project("{FAE04EC0-301F-11D3-BF4B-00C04F79EFBC}") = "ThirdTaskLibrary", "ThirdTaskLibrary\ThirdTaskLibrary.csproj", "{F3349A4B-4724-4F5D-8DF6-738C983A64C1}"
EndProject
Global
	GlobalSection(SolutionConfigurationPlatforms) = preSolution
		Debug|Any CPU = Debug|Any CPU
		Release|Any CPU = Release|Any CPU
	EndGlobalSection
	GlobalSection(ProjectConfigurationPlatforms) = postSolution
		{37818189-8D14-46FC-B715-8E7C51933E37}.Debug|Any CPU.ActiveCfg = Debug|Any CPU
		{37818189-8D14-46FC-B715-8E7C51933E37}.Debug|Any CPU.Build.0 = Debug|Any CPU
		{37818189-8D14-46FC-B715-8E7C51933E37}.Release|Any CPU.ActiveCfg = Release|Any CPU
		{37818189-8D14-46FC-B715-8E7C51933E37}.Release|Any CPU.Build.0 = Release|Any CPU
		{5BE3B605-4B66-4D7C-BD15-C888F378A67A}.Debug|Any CPU.ActiveCfg = Debug|Any CPU
		{5BE3B605-4B66-4D7C-BD15-C888F378A67A}.Debug|Any CPU.Build.0 = Debug|Any CPU
		{5BE3B605-4B66-4D7C-BD15-C888F378A67A}.Release|Any CPU.ActiveCfg = Release|Any CPU
		{5BE3B605-4B66-4D7C-BD15-C888F378A67A}.Release|Any CPU.Build.0 = Release|Any CPU
		{1167A765-FB4B-463E-A46E-86909028DA74}.Debug|Any CPU.ActiveCfg = Debug|Any CPU
		{1167A765-FB4B-463E-A46E-86909028DA74}.Debug|Any CPU.Build.0 = Debug|Any CPU
		{1167A765-FB4B-463E-A46E-86909028DA74}.Release|Any CPU.ActiveCfg = Release|Any CPU
		{1167A765-FB4B-463E-A46E-86909028DA74}.Release|Any CPU.Build.0 = Release|Any CPU
		{BFC8F66E-CE3C-4D85-A403-B8BC8601398A}.Debug|Any CPU.ActiveCfg = Debug|Any CPU
		{BFC8F66E-CE3C-4D85-A403-B8BC8601398A}.Debug|Any CPU.Build.0 = Debug|Any CPU
		{BFC8F66E-CE3C-4D85-A403-B8BC8601398A}.Release|Any CPU.ActiveCfg = Release|Any CPU
		{BFC8F66E-CE3C-4D85-A403-B8BC8601398A}.Release|Any CPU.Build.0 = Release|Any CPU
		{F3349A4B-4724-4F5D-8DF6-738C983A64C1}.Debug|Any CPU.ActiveCfg = Debug|Any CPU
		{F3349A4B-4724-4F5D-8DF6-738C983A64C1}.Debug|Any CPU.Build.0 = Debug|Any CPU
		{F3349A4B-4724-4F5D-8DF6-738C983A64C1}.Release|Any CPU.ActiveCfg = Release|Any CPU
		{F3349A4B-4724-4F5D-8DF6-738C983A64C1}.Release|Any CPU.Build.0 = Release|Any CPU
	EndGlobalSection
	GlobalSection(SolutionProperties) = preSolution
		HideSolutionNode = FALSE
	EndGlobalSection
	GlobalSection(ExtensibilityGlobals) = postSolution
		SolutionGuid = {6ED609A5-A192-4E9F-9B97-EB0BA2DBF66A}
	EndGlobalSection
EndGlobal
