
Microsoft Visual Studio Solution File, Format Version 12.00
# Visual Studio Version 16
VisualStudioVersion = 16.0.31515.178
MinimumVisualStudioVersion = 10.0.40219.1
Project("{FAE04EC0-301F-11D3-BF4B-00C04F79EFBC}") = "EntryPoint", "TaskFirst\EntryPoint.csproj", "{48B0F815-8E99-464C-8E34-4B09C9216E66}"
EndProject
Global
	GlobalSection(SolutionConfigurationPlatforms) = preSolution
		Debug|Any CPU = Debug|Any CPU
		Release|Any CPU = Release|Any CPU
	EndGlobalSection
	GlobalSection(ProjectConfigurationPlatforms) = postSolution
		{48B0F815-8E99-464C-8E34-4B09C9216E66}.Debug|Any CPU.ActiveCfg = Debug|Any CPU
		{48B0F815-8E99-464C-8E34-4B09C9216E66}.Debug|Any CPU.Build.0 = Debug|Any CPU
		{48B0F815-8E99-464C-8E34-4B09C9216E66}.Release|Any CPU.ActiveCfg = Release|Any CPU
		{48B0F815-8E99-464C-8E34-4B09C9216E66}.Release|Any CPU.Build.0 = Release|Any CPU
	EndGlobalSection
	GlobalSection(SolutionProperties) = preSolution
		HideSolutionNode = FALSE
	EndGlobalSection
	GlobalSection(ExtensibilityGlobals) = postSolution
		SolutionGuid = {8665A969-5B47-45C9-AF7A-2B50E8781F1B}
	EndGlobalSection
EndGlobal
