
Microsoft Visual Studio Solution File, Format Version 12.00
# Visual Studio Version 16
VisualStudioVersion = 16.0.31515.178
MinimumVisualStudioVersion = 10.0.40219.1
Project("{FAE04EC0-301F-11D3-BF4B-00C04F79EFBC}") = "FifteenthLessonHW", "FifteenthLessonHW\FifteenthLessonHW.csproj", "{DE82B0FE-274E-4D3C-8E35-A91DF9E5A55F}"
EndProject
Global
	GlobalSection(SolutionConfigurationPlatforms) = preSolution
		Debug|Any CPU = Debug|Any CPU
		Release|Any CPU = Release|Any CPU
	EndGlobalSection
	GlobalSection(ProjectConfigurationPlatforms) = postSolution
		{DE82B0FE-274E-4D3C-8E35-A91DF9E5A55F}.Debug|Any CPU.ActiveCfg = Debug|Any CPU
		{DE82B0FE-274E-4D3C-8E35-A91DF9E5A55F}.Debug|Any CPU.Build.0 = Debug|Any CPU
		{DE82B0FE-274E-4D3C-8E35-A91DF9E5A55F}.Release|Any CPU.ActiveCfg = Release|Any CPU
		{DE82B0FE-274E-4D3C-8E35-A91DF9E5A55F}.Release|Any CPU.Build.0 = Release|Any CPU
	EndGlobalSection
	GlobalSection(SolutionProperties) = preSolution
		HideSolutionNode = FALSE
	EndGlobalSection
	GlobalSection(ExtensibilityGlobals) = postSolution
		SolutionGuid = {FA6E5F5C-290E-4406-9A1F-400D2D20E1E1}
	EndGlobalSection
EndGlobal
